
Microsoft Visual Studio Solution File, Format Version 12.00
# Visual Studio Version 16
VisualStudioVersion = 16.0.31729.503
MinimumVisualStudioVersion = 10.0.40219.1
Project("{FAE04EC0-301F-11D3-BF4B-00C04F79EFBC}") = "GrpcServer", "GrpcServer\GrpcServer.csproj", "{E2600F3C-0AB2-46AF-87B5-311E798FD6C2}"
EndProject
Project("{FAE04EC0-301F-11D3-BF4B-00C04F79EFBC}") = "GrpcClient", "GrpcClient\GrpcClient.csproj", "{C628B6C7-D0B2-4252-AE04-F9B65CD08F96}"
EndProject
Global
	GlobalSection(SolutionConfigurationPlatforms) = preSolution
		Debug|Any CPU = Debug|Any CPU
		Release|Any CPU = Release|Any CPU
	EndGlobalSection
	GlobalSection(ProjectConfigurationPlatforms) = postSolution
		{E2600F3C-0AB2-46AF-87B5-311E798FD6C2}.Debug|Any CPU.ActiveCfg = Debug|Any CPU
		{E2600F3C-0AB2-46AF-87B5-311E798FD6C2}.Debug|Any CPU.Build.0 = Debug|Any CPU
		{E2600F3C-0AB2-46AF-87B5-311E798FD6C2}.Release|Any CPU.ActiveCfg = Release|Any CPU
		{E2600F3C-0AB2-46AF-87B5-311E798FD6C2}.Release|Any CPU.Build.0 = Release|Any CPU
		{C628B6C7-D0B2-4252-AE04-F9B65CD08F96}.Debug|Any CPU.ActiveCfg = Debug|Any CPU
		{C628B6C7-D0B2-4252-AE04-F9B65CD08F96}.Debug|Any CPU.Build.0 = Debug|Any CPU
		{C628B6C7-D0B2-4252-AE04-F9B65CD08F96}.Release|Any CPU.ActiveCfg = Release|Any CPU
		{C628B6C7-D0B2-4252-AE04-F9B65CD08F96}.Release|Any CPU.Build.0 = Release|Any CPU
	EndGlobalSection
	GlobalSection(SolutionProperties) = preSolution
		HideSolutionNode = FALSE
	EndGlobalSection
	GlobalSection(ExtensibilityGlobals) = postSolution
		SolutionGuid = {77ADAF85-788D-474C-8443-9E1F17A03017}
	EndGlobalSection
EndGlobal
